
Microsoft Visual Studio Solution File, Format Version 12.00
# Visual Studio Version 17
VisualStudioVersion = 17.14.36408.4 d17.14
MinimumVisualStudioVersion = 10.0.40219.1
Project("{FAE04EC0-301F-11D3-BF4B-00C04F79EFBC}") = "OpenFund", "OpenFund\OpenFund.csproj", "{CBBD02DF-989A-4F44-B98F-2C2C50D1199C}"
EndProject
Global
	GlobalSection(SolutionConfigurationPlatforms) = preSolution
		Debug|Any CPU = Debug|Any CPU
		Release|Any CPU = Release|Any CPU
	EndGlobalSection
	GlobalSection(ProjectConfigurationPlatforms) = postSolution
		{CBBD02DF-989A-4F44-B98F-2C2C50D1199C}.Debug|Any CPU.ActiveCfg = Debug|Any CPU
		{CBBD02DF-989A-4F44-B98F-2C2C50D1199C}.Debug|Any CPU.Build.0 = Debug|Any CPU
		{CBBD02DF-989A-4F44-B98F-2C2C50D1199C}.Release|Any CPU.ActiveCfg = Release|Any CPU
		{CBBD02DF-989A-4F44-B98F-2C2C50D1199C}.Release|Any CPU.Build.0 = Release|Any CPU
	EndGlobalSection
	GlobalSection(SolutionProperties) = preSolution
		HideSolutionNode = FALSE
	EndGlobalSection
	GlobalSection(ExtensibilityGlobals) = postSolution
		SolutionGuid = {88EBC739-B6B3-49A8-B6F2-DF2054DC14E4}
	EndGlobalSection
EndGlobal
